
Microsoft Visual Studio Solution File, Format Version 12.00
# Visual Studio Version 16
VisualStudioVersion = 16.0.29230.47
MinimumVisualStudioVersion = 10.0.40219.1
Project("{FAE04EC0-301F-11D3-BF4B-00C04F79EFBC}") = "Pluralsight.TrustUs.Certificate.Authority", "Pluralsight.TrustUs.Certificate.Authority\Pluralsight.TrustUs.Certificate.Authority.csproj", "{9B2A9F4A-BA8F-4F53-A8A3-5FCC4055FD56}"
EndProject
Global
	GlobalSection(SolutionConfigurationPlatforms) = preSolution
		Debug|Any CPU = Debug|Any CPU
		Release|Any CPU = Release|Any CPU
	EndGlobalSection
	GlobalSection(ProjectConfigurationPlatforms) = postSolution
		{9B2A9F4A-BA8F-4F53-A8A3-5FCC4055FD56}.Debug|Any CPU.ActiveCfg = Debug|Any CPU
		{9B2A9F4A-BA8F-4F53-A8A3-5FCC4055FD56}.Debug|Any CPU.Build.0 = Debug|Any CPU
		{9B2A9F4A-BA8F-4F53-A8A3-5FCC4055FD56}.Release|Any CPU.ActiveCfg = Release|Any CPU
		{9B2A9F4A-BA8F-4F53-A8A3-5FCC4055FD56}.Release|Any CPU.Build.0 = Release|Any CPU
	EndGlobalSection
	GlobalSection(SolutionProperties) = preSolution
		HideSolutionNode = FALSE
	EndGlobalSection
	GlobalSection(ExtensibilityGlobals) = postSolution
		SolutionGuid = {16C9E580-A39A-49E8-8AF2-1C1AFE325BD9}
	EndGlobalSection
EndGlobal
